// !$*UTF8*$!
{
	archiveVersion = 1;
	classes = {
	};
	objectVersion = 46;
	objects = {

/* Begin PBXBuildFile section */
		92627CCC18F0A0A000F27F13 /* Foundation.framework in Frameworks */ = {isa = PBXBuildFile; fileRef = 92627CCB18F0A0A000F27F13 /* Foundation.framework */; };
		92627CCE18F0A0A000F27F13 /* CoreGraphics.framework in Frameworks */ = {isa = PBXBuildFile; fileRef = 92627CCD18F0A0A000F27F13 /* CoreGraphics.framework */; };
		92627CD018F0A0A000F27F13 /* UIKit.framework in Frameworks */ = {isa = PBXBuildFile; fileRef = 92627CCF18F0A0A000F27F13 /* UIKit.framework */; };
		92627CD618F0A0A000F27F13 /* InfoPlist.strings in Resources */ = {isa = PBXBuildFile; fileRef = 92627CD418F0A0A000F27F13 /* InfoPlist.strings */; };
		92627CD818F0A0A000F27F13 /* main.m in Sources */ = {isa = PBXBuildFile; fileRef = 92627CD718F0A0A000F27F13 /* main.m */; };
		92627CDC18F0A0A000F27F13 /* CASAppDelegate.m in Sources */ = {isa = PBXBuildFile; fileRef = 92627CDB18F0A0A000F27F13 /* CASAppDelegate.m */; };
		92627CDF18F0A0A000F27F13 /* Main.storyboard in Resources */ = {isa = PBXBuildFile; fileRef = 92627CDD18F0A0A000F27F13 /* Main.storyboard */; };
		92627CE218F0A0A000F27F13 /* CASViewController.m in Sources */ = {isa = PBXBuildFile; fileRef = 92627CE118F0A0A000F27F13 /* CASViewController.m */; };
		92627CE418F0A0A000F27F13 /* Images.xcassets in Resources */ = {isa = PBXBuildFile; fileRef = 92627CE318F0A0A000F27F13 /* Images.xcassets */; };
		92627CEB18F0A0A000F27F13 /* XCTest.framework in Frameworks */ = {isa = PBXBuildFile; fileRef = 92627CEA18F0A0A000F27F13 /* XCTest.framework */; };
		92627CEC18F0A0A000F27F13 /* Foundation.framework in Frameworks */ = {isa = PBXBuildFile; fileRef = 92627CCB18F0A0A000F27F13 /* Foundation.framework */; };
		92627CED18F0A0A000F27F13 /* UIKit.framework in Frameworks */ = {isa = PBXBuildFile; fileRef = 92627CCF18F0A0A000F27F13 /* UIKit.framework */; };
		92627CF518F0A0A000F27F13 /* InfoPlist.strings in Resources */ = {isa = PBXBuildFile; fileRef = 92627CF318F0A0A000F27F13 /* InfoPlist.strings */; };
		92627CF718F0A0A000F27F13 /* Campus_Alert_SystemTests.m in Sources */ = {isa = PBXBuildFile; fileRef = 92627CF618F0A0A000F27F13 /* Campus_Alert_SystemTests.m */; };
/* End PBXBuildFile section */

/* Begin PBXContainerItemProxy section */
		92627CEE18F0A0A000F27F13 /* PBXContainerItemProxy */ = {
			isa = PBXContainerItemProxy;
			containerPortal = 92627CC018F0A0A000F27F13 /* Project object */;
			proxyType = 1;
			remoteGlobalIDString = 92627CC718F0A0A000F27F13;
			remoteInfo = "Campus Alert System";
		};
/* End PBXContainerItemProxy section */

/* Begin PBXFileReference section */
		92627CC818F0A0A000F27F13 /* Campus Alert System.app */ = {isa = PBXFileReference; explicitFileType = wrapper.application; includeInIndex = 0; path = "Campus Alert System.app"; sourceTree = BUILT_PRODUCTS_DIR; };
		92627CCB18F0A0A000F27F13 /* Foundation.framework */ = {isa = PBXFileReference; lastKnownFileType = wrapper.framework; name = Foundation.framework; path = System/Library/Frameworks/Foundation.framework; sourceTree = SDKROOT; };
		92627CCD18F0A0A000F27F13 /* CoreGraphics.framework */ = {isa = PBXFileReference; lastKnownFileType = wrapper.framework; name = CoreGraphics.framework; path = System/Library/Frameworks/CoreGraphics.framework; sourceTree = SDKROOT; };
		92627CCF18F0A0A000F27F13 /* UIKit.framework */ = {isa = PBXFileReference; lastKnownFileType = wrapper.framework; name = UIKit.framework; path = System/Library/Frameworks/UIKit.framework; sourceTree = SDKROOT; };
		92627CD318F0A0A000F27F13 /* Campus Alert System-Info.plist */ = {isa = PBXFileReference; lastKnownFileType = text.plist.xml; path = "Campus Alert System-Info.plist"; sourceTree = "<group>"; };
		92627CD518F0A0A000F27F13 /* en */ = {isa = PBXFileReference; lastKnownFileType = text.plist.strings; name = en; path = en.lproj/InfoPlist.strings; sourceTree = "<group>"; };
		92627CD718F0A0A000F27F13 /* main.m */ = {isa = PBXFileReference; lastKnownFileType = sourcecode.c.objc; path = main.m; sourceTree = "<group>"; };
		92627CD918F0A0A000F27F13 /* Campus Alert System-Prefix.pch */ = {isa = PBXFileReference; lastKnownFileType = sourcecode.c.h; path = "Campus Alert System-Prefix.pch"; sourceTree = "<group>"; };
		92627CDA18F0A0A000F27F13 /* CASAppDelegate.h */ = {isa = PBXFileReference; lastKnownFileType = sourcecode.c.h; path = CASAppDelegate.h; sourceTree = "<group>"; };
		92627CDB18F0A0A000F27F13 /* CASAppDelegate.m */ = {isa = PBXFileReference; lastKnownFileType = sourcecode.c.objc; path = CASAppDelegate.m; sourceTree = "<group>"; };
		92627CDE18F0A0A000F27F13 /* Base */ = {isa = PBXFileReference; lastKnownFileType = file.storyboard; name = Base; path = Base.lproj/Main.storyboard; sourceTree = "<group>"; };
		92627CE018F0A0A000F27F13 /* CASViewController.h */ = {isa = PBXFileReference; lastKnownFileType = sourcecode.c.h; path = CASViewController.h; sourceTree = "<group>"; };
		92627CE118F0A0A000F27F13 /* CASViewController.m */ = {isa = PBXFileReference; lastKnownFileType = sourcecode.c.objc; path = CASViewController.m; sourceTree = "<group>"; };
		92627CE318F0A0A000F27F13 /* Images.xcassets */ = {isa = PBXFileReference; lastKnownFileType = folder.assetcatalog; path = Images.xcassets; sourceTree = "<group>"; };
		92627CE918F0A0A000F27F13 /* Campus Alert SystemTests.xctest */ = {isa = PBXFileReference; explicitFileType = wrapper.cfbundle; includeInIndex = 0; path = "Campus Alert SystemTests.xctest"; sourceTree = BUILT_PRODUCTS_DIR; };
		92627CEA18F0A0A000F27F13 /* XCTest.framework */ = {isa = PBXFileReference; lastKnownFileType = wrapper.framework; name = XCTest.framework; path = Library/Frameworks/XCTest.framework; sourceTree = DEVELOPER_DIR; };
		92627CF218F0A0A000F27F13 /* Campus Alert SystemTests-Info.plist */ = {isa = PBXFileReference; lastKnownFileType = text.plist.xml; path = "Campus Alert SystemTests-Info.plist"; sourceTree = "<group>"; };
		92627CF418F0A0A000F27F13 /* en */ = {isa = PBXFileReference; lastKnownFileType = text.plist.strings; name = en; path = en.lproj/InfoPlist.strings; sourceTree = "<group>"; };
		92627CF618F0A0A000F27F13 /* Campus_Alert_SystemTests.m */ = {isa = PBXFileReference; lastKnownFileType = sourcecode.c.objc; path = Campus_Alert_SystemTests.m; sourceTree = "<group>"; };
/* End PBXFileReference section */

/* Begin PBXFrameworksBuildPhase section */
		92627CC518F0A0A000F27F13 /* Frameworks */ = {
			isa = PBXFrameworksBuildPhase;
			buildActionMask = 2147483647;
			files = (
				92627CCE18F0A0A000F27F13 /* CoreGraphics.framework in Frameworks */,
				92627CD018F0A0A000F27F13 /* UIKit.framework in Frameworks */,
				92627CCC18F0A0A000F27F13 /* Foundation.framework in Frameworks */,
			);
			runOnlyForDeploymentPostprocessing = 0;
		};
		92627CE618F0A0A000F27F13 /* Frameworks */ = {
			isa = PBXFrameworksBuildPhase;
			buildActionMask = 2147483647;
			files = (
				92627CEB18F0A0A000F27F13 /* XCTest.framework in Frameworks */,
				92627CED18F0A0A000F27F13 /* UIKit.framework in Frameworks */,
				92627CEC18F0A0A000F27F13 /* Foundation.framework in Frameworks */,
			);
			runOnlyForDeploymentPostprocessing = 0;
		};
/* End PBXFrameworksBuildPhase section */

/* Begin PBXGroup section */
		92627CBF18F0A0A000F27F13 = {
			isa = PBXGroup;
			children = (
				92627CD118F0A0A000F27F13 /* Campus Alert System */,
				92627CF018F0A0A000F27F13 /* Campus Alert SystemTests */,
				92627CCA18F0A0A000F27F13 /* Frameworks */,
				92627CC918F0A0A000F27F13 /* Products */,
			);
			sourceTree = "<group>";
		};
		92627CC918F0A0A000F27F13 /* Products */ = {
			isa = PBXGroup;
			children = (
				92627CC818F0A0A000F27F13 /* Campus Alert System.app */,
				92627CE918F0A0A000F27F13 /* Campus Alert SystemTests.xctest */,
			);
			name = Products;
			sourceTree = "<group>";
		};
		92627CCA18F0A0A000F27F13 /* Frameworks */ = {
			isa = PBXGroup;
			children = (
				92627CCB18F0A0A000F27F13 /* Foundation.framework */,
				92627CCD18F0A0A000F27F13 /* CoreGraphics.framework */,
				92627CCF18F0A0A000F27F13 /* UIKit.framework */,
				92627CEA18F0A0A000F27F13 /* XCTest.framework */,
			);
			name = Frameworks;
			sourceTree = "<group>";
		};
		92627CD118F0A0A000F27F13 /* Campus Alert System */ = {
			isa = PBXGroup;
			children = (
				92627CDA18F0A0A000F27F13 /* CASAppDelegate.h */,
				92627CDB18F0A0A000F27F13 /* CASAppDelegate.m */,
				92627CDD18F0A0A000F27F13 /* Main.storyboard */,
				92627CE018F0A0A000F27F13 /* CASViewController.h */,
				92627CE118F0A0A000F27F13 /* CASViewController.m */,
				92627CE318F0A0A000F27F13 /* Images.xcassets */,
				92627CD218F0A0A000F27F13 /* Supporting Files */,
			);
			path = "Campus Alert System";
			sourceTree = "<group>";
		};
		92627CD218F0A0A000F27F13 /* Supporting Files */ = {
			isa = PBXGroup;
			children = (
				92627CD318F0A0A000F27F13 /* Campus Alert System-Info.plist */,
				92627CD418F0A0A000F27F13 /* InfoPlist.strings */,
				92627CD718F0A0A000F27F13 /* main.m */,
				92627CD918F0A0A000F27F13 /* Campus Alert System-Prefix.pch */,
			);
			name = "Supporting Files";
			sourceTree = "<group>";
		};
		92627CF018F0A0A000F27F13 /* Campus Alert SystemTests */ = {
			isa = PBXGroup;
			children = (
				92627CF618F0A0A000F27F13 /* Campus_Alert_SystemTests.m */,
				92627CF118F0A0A000F27F13 /* Supporting Files */,
			);
			path = "Campus Alert SystemTests";
			sourceTree = "<group>";
		};
		92627CF118F0A0A000F27F13 /* Supporting Files */ = {
			isa = PBXGroup;
			children = (
				92627CF218F0A0A000F27F13 /* Campus Alert SystemTests-Info.plist */,
				92627CF318F0A0A000F27F13 /* InfoPlist.strings */,
			);
			name = "Supporting Files";
			sourceTree = "<group>";
		};
/* End PBXGroup section */

/* Begin PBXNativeTarget section */
		92627CC718F0A0A000F27F13 /* Campus Alert System */ = {
			isa = PBXNativeTarget;
			buildConfigurationList = 92627CFA18F0A0A000F27F13 /* Build configuration list for PBXNativeTarget "Campus Alert System" */;
			buildPhases = (
				92627CC418F0A0A000F27F13 /* Sources */,
				92627CC518F0A0A000F27F13 /* Frameworks */,
				92627CC618F0A0A000F27F13 /* Resources */,
			);
			buildRules = (
			);
			dependencies = (
			);
			name = "Campus Alert System";
			productName = "Campus Alert System";
			productReference = 92627CC818F0A0A000F27F13 /* Campus Alert System.app */;
			productType = "com.apple.product-type.application";
		};
		92627CE818F0A0A000F27F13 /* Campus Alert SystemTests */ = {
			isa = PBXNativeTarget;
			buildConfigurationList = 92627CFD18F0A0A000F27F13 /* Build configuration list for PBXNativeTarget "Campus Alert SystemTests" */;
			buildPhases = (
				92627CE518F0A0A000F27F13 /* Sources */,
				92627CE618F0A0A000F27F13 /* Frameworks */,
				92627CE718F0A0A000F27F13 /* Resources */,
			);
			buildRules = (
			);
			dependencies = (
				92627CEF18F0A0A000F27F13 /* PBXTargetDependency */,
			);
			name = "Campus Alert SystemTests";
			productName = "Campus Alert SystemTests";
			productReference = 92627CE918F0A0A000F27F13 /* Campus Alert SystemTests.xctest */;
			productType = "com.apple.product-type.bundle.unit-test";
		};
/* End PBXNativeTarget section */

/* Begin PBXProject section */
		92627CC018F0A0A000F27F13 /* Project object */ = {
			isa = PBXProject;
			attributes = {
				CLASSPREFIX = CAS;
				LastUpgradeCheck = 0510;
				ORGANIZATIONNAME = CAS;
				TargetAttributes = {
					92627CE818F0A0A000F27F13 = {
						TestTargetID = 92627CC718F0A0A000F27F13;
					};
				};
			};
			buildConfigurationList = 92627CC318F0A0A000F27F13 /* Build configuration list for PBXProject "Campus Alert System" */;
			compatibilityVersion = "Xcode 3.2";
			developmentRegion = English;
			hasScannedForEncodings = 0;
			knownRegions = (
				en,
				Base,
			);
			mainGroup = 92627CBF18F0A0A000F27F13;
			productRefGroup = 92627CC918F0A0A000F27F13 /* Products */;
			projectDirPath = "";
			projectRoot = "";
			targets = (
				92627CC718F0A0A000F27F13 /* Campus Alert System */,
				92627CE818F0A0A000F27F13 /* Campus Alert SystemTests */,
			);
		};
/* End PBXProject section */

/* Begin PBXResourcesBuildPhase section */
		92627CC618F0A0A000F27F13 /* Resources */ = {
			isa = PBXResourcesBuildPhase;
			buildActionMask = 2147483647;
			files = (
				92627CE418F0A0A000F27F13 /* Images.xcassets in Resources */,
				92627CD618F0A0A000F27F13 /* InfoPlist.strings in Resources */,
				92627CDF18F0A0A000F27F13 /* Main.storyboard in Resources */,
			);
			runOnlyForDeploymentPostprocessing = 0;
		};
		92627CE718F0A0A000F27F13 /* Resources */ = {
			isa = PBXResourcesBuildPhase;
			buildActionMask = 2147483647;
			files = (
				92627CF518F0A0A000F27F13 /* InfoPlist.strings in Resources */,
			);
			runOnlyForDeploymentPostprocessing = 0;
		};
/* End PBXResourcesBuildPhase section */

/* Begin PBXSourcesBuildPhase section */
		92627CC418F0A0A000F27F13 /* Sources */ = {
			isa = PBXSourcesBuildPhase;
			buildActionMask = 2147483647;
			files = (
				92627CDC18F0A0A000F27F13 /* CASAppDelegate.m in Sources */,
				92627CE218F0A0A000F27F13 /* CASViewController.m in Sources */,
				92627CD818F0A0A000F27F13 /* main.m in Sources */,
			);
			runOnlyForDeploymentPostprocessing = 0;
		};
		92627CE518F0A0A000F27F13 /* Sources */ = {
			isa = PBXSourcesBuildPhase;
			buildActionMask = 2147483647;
			files = (
				92627CF718F0A0A000F27F13 /* Campus_Alert_SystemTests.m in Sources */,
			);
			runOnlyForDeploymentPostprocessing = 0;
		};
/* End PBXSourcesBuildPhase section */

/* Begin PBXTargetDependency section */
		92627CEF18F0A0A000F27F13 /* PBXTargetDependency */ = {
			isa = PBXTargetDependency;
			target = 92627CC718F0A0A000F27F13 /* Campus Alert System */;
			targetProxy = 92627CEE18F0A0A000F27F13 /* PBXContainerItemProxy */;
		};
/* End PBXTargetDependency section */

/* Begin PBXVariantGroup section */
		92627CD418F0A0A000F27F13 /* InfoPlist.strings */ = {
			isa = PBXVariantGroup;
			children = (
				92627CD518F0A0A000F27F13 /* en */,
			);
			name = InfoPlist.strings;
			sourceTree = "<group>";
		};
		92627CDD18F0A0A000F27F13 /* Main.storyboard */ = {
			isa = PBXVariantGroup;
			children = (
				92627CDE18F0A0A000F27F13 /* Base */,
			);
			name = Main.storyboard;
			sourceTree = "<group>";
		};
		92627CF318F0A0A000F27F13 /* InfoPlist.strings */ = {
			isa = PBXVariantGroup;
			children = (
				92627CF418F0A0A000F27F13 /* en */,
			);
			name = InfoPlist.strings;
			sourceTree = "<group>";
		};
/* End PBXVariantGroup section */

/* Begin XCBuildConfiguration section */
		92627CF818F0A0A000F27F13 /* Debug */ = {
			isa = XCBuildConfiguration;
			buildSettings = {
				ALWAYS_SEARCH_USER_PATHS = NO;
				CLANG_CXX_LANGUAGE_STANDARD = "gnu++0x";
				CLANG_CXX_LIBRARY = "libc++";
				CLANG_ENABLE_MODULES = YES;
				CLANG_ENABLE_OBJC_ARC = YES;
				CLANG_WARN_BOOL_CONVERSION = YES;
				CLANG_WARN_CONSTANT_CONVERSION = YES;
				CLANG_WARN_DIRECT_OBJC_ISA_USAGE = YES_ERROR;
				CLANG_WARN_EMPTY_BODY = YES;
				CLANG_WARN_ENUM_CONVERSION = YES;
				CLANG_WARN_INT_CONVERSION = YES;
				CLANG_WARN_OBJC_ROOT_CLASS = YES_ERROR;
				CLANG_WARN__DUPLICATE_METHOD_MATCH = YES;
				"CODE_SIGN_IDENTITY[sdk=iphoneos*]" = "iPhone Developer";
				COPY_PHASE_STRIP = NO;
				GCC_C_LANGUAGE_STANDARD = gnu99;
				GCC_DYNAMIC_NO_PIC = NO;
				GCC_OPTIMIZATION_LEVEL = 0;
				GCC_PREPROCESSOR_DEFINITIONS = (
					"DEBUG=1",
					"$(inherited)",
				);
				GCC_SYMBOLS_PRIVATE_EXTERN = NO;
				GCC_WARN_64_TO_32_BIT_CONVERSION = YES;
				GCC_WARN_ABOUT_RETURN_TYPE = YES_ERROR;
				GCC_WARN_UNDECLARED_SELECTOR = YES;
				GCC_WARN_UNINITIALIZED_AUTOS = YES_AGGRESSIVE;
				GCC_WARN_UNUSED_FUNCTION = YES;
				GCC_WARN_UNUSED_VARIABLE = YES;
				IPHONEOS_DEPLOYMENT_TARGET = 7.1;
				ONLY_ACTIVE_ARCH = YES;
				SDKROOT = iphoneos;
			};
			name = Debug;
		};
		92627CF918F0A0A000F27F13 /* Release */ = {
			isa = XCBuildConfiguration;
			buildSettings = {
				ALWAYS_SEARCH_USER_PATHS = NO;
				CLANG_CXX_LANGUAGE_STANDARD = "gnu++0x";
				CLANG_CXX_LIBRARY = "libc++";
				CLANG_ENABLE_MODULES = YES;
				CLANG_ENABLE_OBJC_ARC = YES;
				CLANG_WARN_BOOL_CONVERSION = YES;
				CLANG_WARN_CONSTANT_CONVERSION = YES;
				CLANG_WARN_DIRECT_OBJC_ISA_USAGE = YES_ERROR;
				CLANG_WARN_EMPTY_BODY = YES;
				CLANG_WARN_ENUM_CONVERSION = YES;
				CLANG_WARN_INT_CONVERSION = YES;
				CLANG_WARN_OBJC_ROOT_CLASS = YES_ERROR;
				CLANG_WARN__DUPLICATE_METHOD_MATCH = YES;
				"CODE_SIGN_IDENTITY[sdk=iphoneos*]" = "iPhone Developer";
				COPY_PHASE_STRIP = YES;
				ENABLE_NS_ASSERTIONS = NO;
				GCC_C_LANGUAGE_STANDARD = gnu99;
				GCC_WARN_64_TO_32_BIT_CONVERSION = YES;
				GCC_WARN_ABOUT_RETURN_TYPE = YES_ERROR;
				GCC_WARN_UNDECLARED_SELECTOR = YES;
				GCC_WARN_UNINITIALIZED_AUTOS = YES_AGGRESSIVE;
				GCC_WARN_UNUSED_FUNCTION = YES;
				GCC_WARN_UNUSED_VARIABLE = YES;
				IPHONEOS_DEPLOYMENT_TARGET = 7.1;
				SDKROOT = iphoneos;
				VALIDATE_PRODUCT = YES;
			};
			name = Release;
		};
		92627CFB18F0A0A000F27F13 /* Debug */ = {
			isa = XCBuildConfiguration;
			buildSettings = {
				ASSETCATALOG_COMPILER_APPICON_NAME = AppIcon;
				ASSETCATALOG_COMPILER_LAUNCHIMAGE_NAME = LaunchImage;
				GCC_PRECOMPILE_PREFIX_HEADER = YES;
				GCC_PREFIX_HEADER = "Campus Alert System/Campus Alert System-Prefix.pch";
				INFOPLIST_FILE = "Campus Alert System/Campus Alert System-Info.plist";
				PRODUCT_NAME = "$(TARGET_NAME)";
				WRAPPER_EXTENSION = app;
			};
			name = Debug;
		};
		92627CFC18F0A0A000F27F13 /* Release */ = {
			isa = XCBuildConfiguration;
			buildSettings = {
				ASSETCATALOG_COMPILER_APPICON_NAME = AppIcon;
				ASSETCATALOG_COMPILER_LAUNCHIMAGE_NAME = LaunchImage;
				GCC_PRECOMPILE_PREFIX_HEADER = YES;
				GCC_PREFIX_HEADER = "Campus Alert System/Campus Alert System-Prefix.pch";
				INFOPLIST_FILE = "Campus Alert System/Campus Alert System-Info.plist";
				PRODUCT_NAME = "$(TARGET_NAME)";
				WRAPPER_EXTENSION = app;
			};
			name = Release;
		};
		92627CFE18F0A0A000F27F13 /* Debug */ = {
			isa = XCBuildConfiguration;
			buildSettings = {
				BUNDLE_LOADER = "$(BUILT_PRODUCTS_DIR)/Campus Alert System.app/Campus Alert System";
				FRAMEWORK_SEARCH_PATHS = (
					"$(SDKROOT)/Developer/Library/Frameworks",
					"$(inherited)",
					"$(DEVELOPER_FRAMEWORKS_DIR)",
				);
				GCC_PRECOMPILE_PREFIX_HEADER = YES;
				GCC_PREFIX_HEADER = "Campus Alert System/Campus Alert System-Prefix.pch";
				GCC_PREPROCESSOR_DEFINITIONS = (
					"DEBUG=1",
					"$(inherited)",
				);
				INFOPLIST_FILE = "Campus Alert SystemTests/Campus Alert SystemTests-Info.plist";
				PRODUCT_NAME = "$(TARGET_NAME)";
				TEST_HOST = "$(BUNDLE_LOADER)";
				WRAPPER_EXTENSION = xctest;
			};
			name = Debug;
		};
		92627CFF18F0A0A000F27F13 /* Release */ = {
			isa = XCBuildConfiguration;
			buildSettings = {
				BUNDLE_LOADER = "$(BUILT_PRODUCTS_DIR)/Campus Alert System.app/Campus Alert System";
				FRAMEWORK_SEARCH_PATHS = (
					"$(SDKROOT)/Developer/Library/Frameworks",
					"$(inherited)",
					"$(DEVELOPER_FRAMEWORKS_DIR)",
				);
				GCC_PRECOMPILE_PREFIX_HEADER = YES;
				GCC_PREFIX_HEADER = "Campus Alert System/Campus Alert System-Prefix.pch";
				INFOPLIST_FILE = "Campus Alert SystemTests/Campus Alert SystemTests-Info.plist";
				PRODUCT_NAME = "$(TARGET_NAME)";
				TEST_HOST = "$(BUNDLE_LOADER)";
				WRAPPER_EXTENSION = xctest;
			};
			name = Release;
		};
/* End XCBuildConfiguration section */

/* Begin XCConfigurationList section */
		92627CC318F0A0A000F27F13 /* Build configuration list for PBXProject "Campus Alert System" */ = {
			isa = XCConfigurationList;
			buildConfigurations = (
				92627CF818F0A0A000F27F13 /* Debug */,
				92627CF918F0A0A000F27F13 /* Release */,
			);
			defaultConfigurationIsVisible = 0;
			defaultConfigurationName = Release;
		};
		92627CFA18F0A0A000F27F13 /* Build configuration list for PBXNativeTarget "Campus Alert System" */ = {
			isa = XCConfigurationList;
			buildConfigurations = (
				92627CFB18F0A0A000F27F13 /* Debug */,
				92627CFC18F0A0A000F27F13 /* Release */,
			);
			defaultConfigurationIsVisible = 0;
		};
		92627CFD18F0A0A000F27F13 /* Build configuration list for PBXNativeTarget "Campus Alert SystemTests" */ = {
			isa = XCConfigurationList;
			buildConfigurations = (
				92627CFE18F0A0A000F27F13 /* Debug */,
				92627CFF18F0A0A000F27F13 /* Release */,
			);
			defaultConfigurationIsVisible = 0;
		};
/* End XCConfigurationList section */
	};
	rootObject = 92627CC018F0A0A000F27F13 /* Project object */;
}
